// !$*UTF8*$!
{
	archiveVersion = 1;
	classes = {
	};
	objectVersion = 56;
	objects = {

/* Begin PBXBuildFile section */
		F8BBC0532BDBC36500FC4488 /* myDemoApp.swift in Sources */ = {isa = PBXBuildFile; fileRef = F8BBC0522BDBC36500FC4488 /* myDemoApp.swift */; };
		F8BBC0552BDBC36500FC4488 /* ContentView.swift in Sources */ = {isa = PBXBuildFile; fileRef = F8BBC0542BDBC36500FC4488 /* ContentView.swift */; };
		F8BBC0572BDBC36600FC4488 /* Assets.xcassets in Resources */ = {isa = PBXBuildFile; fileRef = F8BBC0562BDBC36600FC4488 /* Assets.xcassets */; };
		F8BBC05B2BDBC36600FC4488 /* Preview Assets.xcassets in Resources */ = {isa = PBXBuildFile; fileRef = F8BBC05A2BDBC36600FC4488 /* Preview Assets.xcassets */; };
		F8BBC0652BDBC36600FC4488 /* myDemoTests.swift in Sources */ = {isa = PBXBuildFile; fileRef = F8BBC0642BDBC36600FC4488 /* myDemoTests.swift */; };
		F8BBC06F2BDBC36600FC4488 /* myDemoUITests.swift in Sources */ = {isa = PBXBuildFile; fileRef = F8BBC06E2BDBC36600FC4488 /* myDemoUITests.swift */; };
		F8BBC0712BDBC36600FC4488 /* myDemoUITestsLaunchTests.swift in Sources */ = {isa = PBXBuildFile; fileRef = F8BBC0702BDBC36600FC4488 /* myDemoUITestsLaunchTests.swift */; };
/* End PBXBuildFile section */

/* Begin PBXContainerItemProxy section */
		F8BBC0612BDBC36600FC4488 /* PBXContainerItemProxy */ = {
			isa = PBXContainerItemProxy;
			containerPortal = F8BBC0472BDBC36500FC4488 /* Project object */;
			proxyType = 1;
			remoteGlobalIDString = F8BBC04E2BDBC36500FC4488;
			remoteInfo = myDemo;
		};
		F8BBC06B2BDBC36600FC4488 /* PBXContainerItemProxy */ = {
			isa = PBXContainerItemProxy;
			containerPortal = F8BBC0472BDBC36500FC4488 /* Project object */;
			proxyType = 1;
			remoteGlobalIDString = F8BBC04E2BDBC36500FC4488;
			remoteInfo = myDemo;
		};
/* End PBXContainerItemProxy section */

/* Begin PBXFileReference section */
		F8BBC04F2BDBC36500FC4488 /* myDemo.app */ = {isa = PBXFileReference; explicitFileType = wrapper.application; includeInIndex = 0; path = myDemo.app; sourceTree = BUILT_PRODUCTS_DIR; };
		F8BBC0522BDBC36500FC4488 /* myDemoApp.swift */ = {isa = PBXFileReference; lastKnownFileType = sourcecode.swift; path = myDemoApp.swift; sourceTree = "<group>"; };
		F8BBC0542BDBC36500FC4488 /* ContentView.swift */ = {isa = PBXFileReference; lastKnownFileType = sourcecode.swift; path = ContentView.swift; sourceTree = "<group>"; };
		F8BBC0562BDBC36600FC4488 /* Assets.xcassets */ = {isa = PBXFileReference; lastKnownFileType = folder.assetcatalog; path = Assets.xcassets; sourceTree = "<group>"; };
		F8BBC0582BDBC36600FC4488 /* myDemo.entitlements */ = {isa = PBXFileReference; lastKnownFileType = text.plist.entitlements; path = myDemo.entitlements; sourceTree = "<group>"; };
		F8BBC05A2BDBC36600FC4488 /* Preview Assets.xcassets */ = {isa = PBXFileReference; lastKnownFileType = folder.assetcatalog; path = "Preview Assets.xcassets"; sourceTree = "<group>"; };
		F8BBC0602BDBC36600FC4488 /* myDemoTests.xctest */ = {isa = PBXFileReference; explicitFileType = wrapper.cfbundle; includeInIndex = 0; path = myDemoTests.xctest; sourceTree = BUILT_PRODUCTS_DIR; };
		F8BBC0642BDBC36600FC4488 /* myDemoTests.swift */ = {isa = PBXFileReference; lastKnownFileType = sourcecode.swift; path = myDemoTests.swift; sourceTree = "<group>"; };
		F8BBC06A2BDBC36600FC4488 /* myDemoUITests.xctest */ = {isa = PBXFileReference; explicitFileType = wrapper.cfbundle; includeInIndex = 0; path = myDemoUITests.xctest; sourceTree = BUILT_PRODUCTS_DIR; };
		F8BBC06E2BDBC36600FC4488 /* myDemoUITests.swift */ = {isa = PBXFileReference; lastKnownFileType = sourcecode.swift; path = myDemoUITests.swift; sourceTree = "<group>"; };
		F8BBC0702BDBC36600FC4488 /* myDemoUITestsLaunchTests.swift */ = {isa = PBXFileReference; lastKnownFileType = sourcecode.swift; path = myDemoUITestsLaunchTests.swift; sourceTree = "<group>"; };
/* End PBXFileReference section */

/* Begin PBXFrameworksBuildPhase section */
		F8BBC04C2BDBC36500FC4488 /* Frameworks */ = {
			isa = PBXFrameworksBuildPhase;
			buildActionMask = 2147483647;
			files = (
			);
			runOnlyForDeploymentPostprocessing = 0;
		};
		F8BBC05D2BDBC36600FC4488 /* Frameworks */ = {
			isa = PBXFrameworksBuildPhase;
			buildActionMask = 2147483647;
			files = (
			);
			runOnlyForDeploymentPostprocessing = 0;
		};
		F8BBC0672BDBC36600FC4488 /* Frameworks */ = {
			isa = PBXFrameworksBuildPhase;
			buildActionMask = 2147483647;
			files = (
			);
			runOnlyForDeploymentPostprocessing = 0;
		};
/* End PBXFrameworksBuildPhase section */

/* Begin PBXGroup section */
		F8BBC0462BDBC36500FC4488 = {
			isa = PBXGroup;
			children = (
				F8BBC0512BDBC36500FC4488 /* myDemo */,
				F8BBC0632BDBC36600FC4488 /* myDemoTests */,
				F8BBC06D2BDBC36600FC4488 /* myDemoUITests */,
				F8BBC0502BDBC36500FC4488 /* Products */,
			);
			sourceTree = "<group>";
		};
		F8BBC0502BDBC36500FC4488 /* Products */ = {
			isa = PBXGroup;
			children = (
				F8BBC04F2BDBC36500FC4488 /* myDemo.app */,
				F8BBC0602BDBC36600FC4488 /* myDemoTests.xctest */,
				F8BBC06A2BDBC36600FC4488 /* myDemoUITests.xctest */,
			);
			name = Products;
			sourceTree = "<group>";
		};
		F8BBC0512BDBC36500FC4488 /* myDemo */ = {
			isa = PBXGroup;
			children = (
				F8BBC0522BDBC36500FC4488 /* myDemoApp.swift */,
				F8BBC0542BDBC36500FC4488 /* ContentView.swift */,
				F8BBC0562BDBC36600FC4488 /* Assets.xcassets */,
				F8BBC0582BDBC36600FC4488 /* myDemo.entitlements */,
				F8BBC0592BDBC36600FC4488 /* Preview Content */,
			);
			path = myDemo;
			sourceTree = "<group>";
		};
		F8BBC0592BDBC36600FC4488 /* Preview Content */ = {
			isa = PBXGroup;
			children = (
				F8BBC05A2BDBC36600FC4488 /* Preview Assets.xcassets */,
			);
			path = "Preview Content";
			sourceTree = "<group>";
		};
		F8BBC0632BDBC36600FC4488 /* myDemoTests */ = {
			isa = PBXGroup;
			children = (
				F8BBC0642BDBC36600FC4488 /* myDemoTests.swift */,
			);
			path = myDemoTests;
			sourceTree = "<group>";
		};
		F8BBC06D2BDBC36600FC4488 /* myDemoUITests */ = {
			isa = PBXGroup;
			children = (
				F8BBC06E2BDBC36600FC4488 /* myDemoUITests.swift */,
				F8BBC0702BDBC36600FC4488 /* myDemoUITestsLaunchTests.swift */,
			);
			path = myDemoUITests;
			sourceTree = "<group>";
		};
/* End PBXGroup section */

/* Begin PBXNativeTarget section */
		F8BBC04E2BDBC36500FC4488 /* myDemo */ = {
			isa = PBXNativeTarget;
			buildConfigurationList = F8BBC0742BDBC36600FC4488 /* Build configuration list for PBXNativeTarget "myDemo" */;
			buildPhases = (
				F8BBC04B2BDBC36500FC4488 /* Sources */,
				F8BBC04C2BDBC36500FC4488 /* Frameworks */,
				F8BBC04D2BDBC36500FC4488 /* Resources */,
			);
			buildRules = (
			);
			dependencies = (
			);
			name = myDemo;
			productName = myDemo;
			productReference = F8BBC04F2BDBC36500FC4488 /* myDemo.app */;
			productType = "com.apple.product-type.application";
		};
		F8BBC05F2BDBC36600FC4488 /* myDemoTests */ = {
			isa = PBXNativeTarget;
			buildConfigurationList = F8BBC0772BDBC36600FC4488 /* Build configuration list for PBXNativeTarget "myDemoTests" */;
			buildPhases = (
				F8BBC05C2BDBC36600FC4488 /* Sources */,
				F8BBC05D2BDBC36600FC4488 /* Frameworks */,
				F8BBC05E2BDBC36600FC4488 /* Resources */,
			);
			buildRules = (
			);
			dependencies = (
				F8BBC0622BDBC36600FC4488 /* PBXTargetDependency */,
			);
			name = myDemoTests;
			productName = myDemoTests;
			productReference = F8BBC0602BDBC36600FC4488 /* myDemoTests.xctest */;
			productType = "com.apple.product-type.bundle.unit-test";
		};
		F8BBC0692BDBC36600FC4488 /* myDemoUITests */ = {
			isa = PBXNativeTarget;
			buildConfigurationList = F8BBC07A2BDBC36600FC4488 /* Build configuration list for PBXNativeTarget "myDemoUITests" */;
			buildPhases = (
				F8BBC0662BDBC36600FC4488 /* Sources */,
				F8BBC0672BDBC36600FC4488 /* Frameworks */,
				F8BBC0682BDBC36600FC4488 /* Resources */,
			);
			buildRules = (
			);
			dependencies = (
				F8BBC06C2BDBC36600FC4488 /* PBXTargetDependency */,
			);
			name = myDemoUITests;
			productName = myDemoUITests;
			productReference = F8BBC06A2BDBC36600FC4488 /* myDemoUITests.xctest */;
			productType = "com.apple.product-type.bundle.ui-testing";
		};
/* End PBXNativeTarget section */

/* Begin PBXProject section */
		F8BBC0472BDBC36500FC4488 /* Project object */ = {
			isa = PBXProject;
			attributes = {
				BuildIndependentTargetsInParallel = 1;
				LastSwiftUpdateCheck = 1530;
				LastUpgradeCheck = 1530;
				TargetAttributes = {
					F8BBC04E2BDBC36500FC4488 = {
						CreatedOnToolsVersion = 15.3;
					};
					F8BBC05F2BDBC36600FC4488 = {
						CreatedOnToolsVersion = 15.3;
						TestTargetID = F8BBC04E2BDBC36500FC4488;
					};
					F8BBC0692BDBC36600FC4488 = {
						CreatedOnToolsVersion = 15.3;
						TestTargetID = F8BBC04E2BDBC36500FC4488;
					};
				};
			};
			buildConfigurationList = F8BBC04A2BDBC36500FC4488 /* Build configuration list for PBXProject "myDemo" */;
			compatibilityVersion = "Xcode 14.0";
			developmentRegion = en;
			hasScannedForEncodings = 0;
			knownRegions = (
				en,
				Base,
			);
			mainGroup = F8BBC0462BDBC36500FC4488;
			productRefGroup = F8BBC0502BDBC36500FC4488 /* Products */;
			projectDirPath = "";
			projectRoot = "";
			targets = (
				F8BBC04E2BDBC36500FC4488 /* myDemo */,
				F8BBC05F2BDBC36600FC4488 /* myDemoTests */,
				F8BBC0692BDBC36600FC4488 /* myDemoUITests */,
			);
		};
/* End PBXProject section */

/* Begin PBXResourcesBuildPhase section */
		F8BBC04D2BDBC36500FC4488 /* Resources */ = {
			isa = PBXResourcesBuildPhase;
			buildActionMask = 2147483647;
			files = (
				F8BBC05B2BDBC36600FC4488 /* Preview Assets.xcassets in Resources */,
				F8BBC0572BDBC36600FC4488 /* Assets.xcassets in Resources */,
			);
			runOnlyForDeploymentPostprocessing = 0;
		};
		F8BBC05E2BDBC36600FC4488 /* Resources */ = {
			isa = PBXResourcesBuildPhase;
			buildActionMask = 2147483647;
			files = (
			);
			runOnlyForDeploymentPostprocessing = 0;
		};
		F8BBC0682BDBC36600FC4488 /* Resources */ = {
			isa = PBXResourcesBuildPhase;
			buildActionMask = 2147483647;
			files = (
			);
			runOnlyForDeploymentPostprocessing = 0;
		};
/* End PBXResourcesBuildPhase section */

/* Begin PBXSourcesBuildPhase section */
		F8BBC04B2BDBC36500FC4488 /* Sources */ = {
			isa = PBXSourcesBuildPhase;
			buildActionMask = 2147483647;
			files = (
				F8BBC0552BDBC36500FC4488 /* ContentView.swift in Sources */,
				F8BBC0532BDBC36500FC4488 /* myDemoApp.swift in Sources */,
			);
			runOnlyForDeploymentPostprocessing = 0;
		};
		F8BBC05C2BDBC36600FC4488 /* Sources */ = {
			isa = PBXSourcesBuildPhase;
			buildActionMask = 2147483647;
			files = (
				F8BBC0652BDBC36600FC4488 /* myDemoTests.swift in Sources */,
			);
			runOnlyForDeploymentPostprocessing = 0;
		};
		F8BBC0662BDBC36600FC4488 /* Sources */ = {
			isa = PBXSourcesBuildPhase;
			buildActionMask = 2147483647;
			files = (
				F8BBC06F2BDBC36600FC4488 /* myDemoUITests.swift in Sources */,
				F8BBC0712BDBC36600FC4488 /* myDemoUITestsLaunchTests.swift in Sources */,
			);
			runOnlyForDeploymentPostprocessing = 0;
		};
/* End PBXSourcesBuildPhase section */

/* Begin PBXTargetDependency section */
		F8BBC0622BDBC36600FC4488 /* PBXTargetDependency */ = {
			isa = PBXTargetDependency;
			target = F8BBC04E2BDBC36500FC4488 /* myDemo */;
			targetProxy = F8BBC0612BDBC36600FC4488 /* PBXContainerItemProxy */;
		};
		F8BBC06C2BDBC36600FC4488 /* PBXTargetDependency */ = {
			isa = PBXTargetDependency;
			target = F8BBC04E2BDBC36500FC4488 /* myDemo */;
			targetProxy = F8BBC06B2BDBC36600FC4488 /* PBXContainerItemProxy */;
		};
/* End PBXTargetDependency section */

/* Begin XCBuildConfiguration section */
		F8BBC0722BDBC36600FC4488 /* Debug */ = {
			isa = XCBuildConfiguration;
			buildSettings = {
				ALWAYS_SEARCH_USER_PATHS = NO;
				ASSETCATALOG_COMPILER_GENERATE_SWIFT_ASSET_SYMBOL_EXTENSIONS = YES;
				CLANG_ANALYZER_NONNULL = YES;
				CLANG_ANALYZER_NUMBER_OBJECT_CONVERSION = YES_AGGRESSIVE;
				CLANG_CXX_LANGUAGE_STANDARD = "gnu++20";
				CLANG_ENABLE_MODULES = YES;
				CLANG_ENABLE_OBJC_ARC = YES;
				CLANG_ENABLE_OBJC_WEAK = YES;
				CLANG_WARN_BLOCK_CAPTURE_AUTORELEASING = YES;
				CLANG_WARN_BOOL_CONVERSION = YES;
				CLANG_WARN_COMMA = YES;
				CLANG_WARN_CONSTANT_CONVERSION = YES;
				CLANG_WARN_DEPRECATED_OBJC_IMPLEMENTATIONS = YES;
				CLANG_WARN_DIRECT_OBJC_ISA_USAGE = YES_ERROR;
				CLANG_WARN_DOCUMENTATION_COMMENTS = YES;
				CLANG_WARN_EMPTY_BODY = YES;
				CLANG_WARN_ENUM_CONVERSION = YES;
				CLANG_WARN_INFINITE_RECURSION = YES;
				CLANG_WARN_INT_CONVERSION = YES;
				CLANG_WARN_NON_LITERAL_NULL_CONVERSION = YES;
				CLANG_WARN_OBJC_IMPLICIT_RETAIN_SELF = YES;
				CLANG_WARN_OBJC_LITERAL_CONVERSION = YES;
				CLANG_WARN_OBJC_ROOT_CLASS = YES_ERROR;
				CLANG_WARN_QUOTED_INCLUDE_IN_FRAMEWORK_HEADER = YES;
				CLANG_WARN_RANGE_LOOP_ANALYSIS = YES;
				CLANG_WARN_STRICT_PROTOTYPES = YES;
				CLANG_WARN_SUSPICIOUS_MOVE = YES;
				CLANG_WARN_UNGUARDED_AVAILABILITY = YES_AGGRESSIVE;
				CLANG_WARN_UNREACHABLE_CODE = YES;
				CLANG_WARN__DUPLICATE_METHOD_MATCH = YES;
				COPY_PHASE_STRIP = NO;
				DEBUG_INFORMATION_FORMAT = dwarf;
				ENABLE_STRICT_OBJC_MSGSEND = YES;
				ENABLE_TESTABILITY = YES;
				ENABLE_USER_SCRIPT_SANDBOXING = YES;
				GCC_C_LANGUAGE_STANDARD = gnu17;
				GCC_DYNAMIC_NO_PIC = NO;
				GCC_NO_COMMON_BLOCKS = YES;
				GCC_OPTIMIZATION_LEVEL = 0;
				GCC_PREPROCESSOR_DEFINITIONS = (
					"DEBUG=1",
					"$(inherited)",
				);
				GCC_WARN_64_TO_32_BIT_CONVERSION = YES;
				GCC_WARN_ABOUT_RETURN_TYPE = YES_ERROR;
				GCC_WARN_UNDECLARED_SELECTOR = YES;
				GCC_WARN_UNINITIALIZED_AUTOS = YES_AGGRESSIVE;
				GCC_WARN_UNUSED_FUNCTION = YES;
				GCC_WARN_UNUSED_VARIABLE = YES;
				LOCALIZATION_PREFERS_STRING_CATALOGS = YES;
				MTL_ENABLE_DEBUG_INFO = INCLUDE_SOURCE;
				MTL_FAST_MATH = YES;
				ONLY_ACTIVE_ARCH = YES;
				SWIFT_ACTIVE_COMPILATION_CONDITIONS = "DEBUG $(inherited)";
				SWIFT_OPTIMIZATION_LEVEL = "-Onone";
			};
			name = Debug;
		};
		F8BBC0732BDBC36600FC4488 /* Release */ = {
			isa = XCBuildConfiguration;
			buildSettings = {
				ALWAYS_SEARCH_USER_PATHS = NO;
				ASSETCATALOG_COMPILER_GENERATE_SWIFT_ASSET_SYMBOL_EXTENSIONS = YES;
				CLANG_ANALYZER_NONNULL = YES;
				CLANG_ANALYZER_NUMBER_OBJECT_CONVERSION = YES_AGGRESSIVE;
				CLANG_CXX_LANGUAGE_STANDARD = "gnu++20";
				CLANG_ENABLE_MODULES = YES;
				CLANG_ENABLE_OBJC_ARC = YES;
				CLANG_ENABLE_OBJC_WEAK = YES;
				CLANG_WARN_BLOCK_CAPTURE_AUTORELEASING = YES;
				CLANG_WARN_BOOL_CONVERSION = YES;
				CLANG_WARN_COMMA = YES;
				CLANG_WARN_CONSTANT_CONVERSION = YES;
				CLANG_WARN_DEPRECATED_OBJC_IMPLEMENTATIONS = YES;
				CLANG_WARN_DIRECT_OBJC_ISA_USAGE = YES_ERROR;
				CLANG_WARN_DOCUMENTATION_COMMENTS = YES;
				CLANG_WARN_EMPTY_BODY = YES;
				CLANG_WARN_ENUM_CONVERSION = YES;
				CLANG_WARN_INFINITE_RECURSION = YES;
				CLANG_WARN_INT_CONVERSION = YES;
				CLANG_WARN_NON_LITERAL_NULL_CONVERSION = YES;
				CLANG_WARN_OBJC_IMPLICIT_RETAIN_SELF = YES;
				CLANG_WARN_OBJC_LITERAL_CONVERSION = YES;
				CLANG_WARN_OBJC_ROOT_CLASS = YES_ERROR;
				CLANG_WARN_QUOTED_INCLUDE_IN_FRAMEWORK_HEADER = YES;
				CLANG_WARN_RANGE_LOOP_ANALYSIS = YES;
				CLANG_WARN_STRICT_PROTOTYPES = YES;
				CLANG_WARN_SUSPICIOUS_MOVE = YES;
				CLANG_WARN_UNGUARDED_AVAILABILITY = YES_AGGRESSIVE;
				CLANG_WARN_UNREACHABLE_CODE = YES;
				CLANG_WARN__DUPLICATE_METHOD_MATCH = YES;
				COPY_PHASE_STRIP = NO;
				DEBUG_INFORMATION_FORMAT = "dwarf-with-dsym";
				ENABLE_NS_ASSERTIONS = NO;
				ENABLE_STRICT_OBJC_MSGSEND = YES;
				ENABLE_USER_SCRIPT_SANDBOXING = YES;
				GCC_C_LANGUAGE_STANDARD = gnu17;
				GCC_NO_COMMON_BLOCKS = YES;
				GCC_WARN_64_TO_32_BIT_CONVERSION = YES;
				GCC_WARN_ABOUT_RETURN_TYPE = YES_ERROR;
				GCC_WARN_UNDECLARED_SELECTOR = YES;
				GCC_WARN_UNINITIALIZED_AUTOS = YES_AGGRESSIVE;
				GCC_WARN_UNUSED_FUNCTION = YES;
				GCC_WARN_UNUSED_VARIABLE = YES;
				LOCALIZATION_PREFERS_STRING_CATALOGS = YES;
				MTL_ENABLE_DEBUG_INFO = NO;
				MTL_FAST_MATH = YES;
				SWIFT_COMPILATION_MODE = wholemodule;
			};
			name = Release;
		};
		F8BBC0752BDBC36600FC4488 /* Debug */ = {
			isa = XCBuildConfiguration;
			buildSettings = {
				ASSETCATALOG_COMPILER_APPICON_NAME = AppIcon;
				ASSETCATALOG_COMPILER_GLOBAL_ACCENT_COLOR_NAME = AccentColor;
				CODE_SIGN_ENTITLEMENTS = myDemo/myDemo.entitlements;
				CODE_SIGN_STYLE = Automatic;
				CURRENT_PROJECT_VERSION = 1;
				DEVELOPMENT_ASSET_PATHS = "\"myDemo/Preview Content\"";
				DEVELOPMENT_TEAM = S6P9PJ8WCX;
				ENABLE_HARDENED_RUNTIME = YES;
				ENABLE_PREVIEWS = YES;
				GENERATE_INFOPLIST_FILE = YES;
				"INFOPLIST_KEY_UIApplicationSceneManifest_Generation[sdk=iphoneos*]" = YES;
				"INFOPLIST_KEY_UIApplicationSceneManifest_Generation[sdk=iphonesimulator*]" = YES;
				"INFOPLIST_KEY_UIApplicationSupportsIndirectInputEvents[sdk=iphoneos*]" = YES;
				"INFOPLIST_KEY_UIApplicationSupportsIndirectInputEvents[sdk=iphonesimulator*]" = YES;
				"INFOPLIST_KEY_UILaunchScreen_Generation[sdk=iphoneos*]" = YES;
				"INFOPLIST_KEY_UILaunchScreen_Generation[sdk=iphonesimulator*]" = YES;
				"INFOPLIST_KEY_UIStatusBarStyle[sdk=iphoneos*]" = UIStatusBarStyleDefault;
				"INFOPLIST_KEY_UIStatusBarStyle[sdk=iphonesimulator*]" = UIStatusBarStyleDefault;
				INFOPLIST_KEY_UISupportedInterfaceOrientations_iPad = "UIInterfaceOrientationPortrait UIInterfaceOrientationPortraitUpsideDown UIInterfaceOrientationLandscapeLeft UIInterfaceOrientationLandscapeRight";
				INFOPLIST_KEY_UISupportedInterfaceOrientations_iPhone = "UIInterfaceOrientationPortrait UIInterfaceOrientationLandscapeLeft UIInterfaceOrientationLandscapeRight";
				IPHONEOS_DEPLOYMENT_TARGET = 17.4;
				LD_RUNPATH_SEARCH_PATHS = "@executable_path/Frameworks";
				"LD_RUNPATH_SEARCH_PATHS[sdk=macosx*]" = "@executable_path/../Frameworks";
				MACOSX_DEPLOYMENT_TARGET = 14.4;
				MARKETING_VERSION = 1.0;
				PRODUCT_BUNDLE_IDENTIFIER = com.benpaodongli.myDemo;
				PRODUCT_NAME = "$(TARGET_NAME)";
				SDKROOT = auto;
				SUPPORTED_PLATFORMS = "iphoneos iphonesimulator macosx";
				SWIFT_EMIT_LOC_STRINGS = YES;
				SWIFT_VERSION = 5.0;
				TARGETED_DEVICE_FAMILY = "1,2";
			};
			name = Debug;
		};
		F8BBC0762BDBC36600FC4488 /* Release */ = {
			isa = XCBuildConfiguration;
			buildSettings = {
				ASSETCATALOG_COMPILER_APPICON_NAME = AppIcon;
				ASSETCATALOG_COMPILER_GLOBAL_ACCENT_COLOR_NAME = AccentColor;
				CODE_SIGN_ENTITLEMENTS = myDemo/myDemo.entitlements;
				CODE_SIGN_STYLE = Automatic;
				CURRENT_PROJECT_VERSION = 1;
				DEVELOPMENT_ASSET_PATHS = "\"myDemo/Preview Content\"";
				DEVELOPMENT_TEAM = S6P9PJ8WCX;
				ENABLE_HARDENED_RUNTIME = YES;
				ENABLE_PREVIEWS = YES;
				GENERATE_INFOPLIST_FILE = YES;
				"INFOPLIST_KEY_UIApplicationSceneManifest_Generation[sdk=iphoneos*]" = YES;
				"INFOPLIST_KEY_UIApplicationSceneManifest_Generation[sdk=iphonesimulator*]" = YES;
				"INFOPLIST_KEY_UIApplicationSupportsIndirectInputEvents[sdk=iphoneos*]" = YES;
				"INFOPLIST_KEY_UIApplicationSupportsIndirectInputEvents[sdk=iphonesimulator*]" = YES;
				"INFOPLIST_KEY_UILaunchScreen_Generation[sdk=iphoneos*]" = YES;
				"INFOPLIST_KEY_UILaunchScreen_Generation[sdk=iphonesimulator*]" = YES;
				"INFOPLIST_KEY_UIStatusBarStyle[sdk=iphoneos*]" = UIStatusBarStyleDefault;
				"INFOPLIST_KEY_UIStatusBarStyle[sdk=iphonesimulator*]" = UIStatusBarStyleDefault;
				INFOPLIST_KEY_UISupportedInterfaceOrientations_iPad = "UIInterfaceOrientationPortrait UIInterfaceOrientationPortraitUpsideDown UIInterfaceOrientationLandscapeLeft UIInterfaceOrientationLandscapeRight";
				INFOPLIST_KEY_UISupportedInterfaceOrientations_iPhone = "UIInterfaceOrientationPortrait UIInterfaceOrientationLandscapeLeft UIInterfaceOrientationLandscapeRight";
				IPHONEOS_DEPLOYMENT_TARGET = 17.4;
				LD_RUNPATH_SEARCH_PATHS = "@executable_path/Frameworks";
				"LD_RUNPATH_SEARCH_PATHS[sdk=macosx*]" = "@executable_path/../Frameworks";
				MACOSX_DEPLOYMENT_TARGET = 14.4;
				MARKETING_VERSION = 1.0;
				PRODUCT_BUNDLE_IDENTIFIER = com.benpaodongli.myDemo;
				PRODUCT_NAME = "$(TARGET_NAME)";
				SDKROOT = auto;
				SUPPORTED_PLATFORMS = "iphoneos iphonesimulator macosx";
				SWIFT_EMIT_LOC_STRINGS = YES;
				SWIFT_VERSION = 5.0;
				TARGETED_DEVICE_FAMILY = "1,2";
			};
			name = Release;
		};
		F8BBC0782BDBC36600FC4488 /* Debug */ = {
			isa = XCBuildConfiguration;
			buildSettings = {
				ALWAYS_EMBED_SWIFT_STANDARD_LIBRARIES = YES;
				BUNDLE_LOADER = "$(TEST_HOST)";
				CODE_SIGN_STYLE = Automatic;
				CURRENT_PROJECT_VERSION = 1;
				DEVELOPMENT_TEAM = S6P9PJ8WCX;
				GENERATE_INFOPLIST_FILE = YES;
				IPHONEOS_DEPLOYMENT_TARGET = 17.4;
				MACOSX_DEPLOYMENT_TARGET = 14.4;
				MARKETING_VERSION = 1.0;
				PRODUCT_BUNDLE_IDENTIFIER = com.benpaodongli.myDemoTests;
				PRODUCT_NAME = "$(TARGET_NAME)";
				SDKROOT = auto;
				SUPPORTED_PLATFORMS = "iphoneos iphonesimulator macosx";
				SWIFT_EMIT_LOC_STRINGS = NO;
				SWIFT_VERSION = 5.0;
				TARGETED_DEVICE_FAMILY = "1,2";
				TEST_HOST = "$(BUILT_PRODUCTS_DIR)/myDemo.app/$(BUNDLE_EXECUTABLE_FOLDER_PATH)/myDemo";
			};
			name = Debug;
		};
		F8BBC0792BDBC36600FC4488 /* Release */ = {
			isa = XCBuildConfiguration;
			buildSettings = {
				ALWAYS_EMBED_SWIFT_STANDARD_LIBRARIES = YES;
				BUNDLE_LOADER = "$(TEST_HOST)";
				CODE_SIGN_STYLE = Automatic;
				CURRENT_PROJECT_VERSION = 1;
				DEVELOPMENT_TEAM = S6P9PJ8WCX;
				GENERATE_INFOPLIST_FILE = YES;
				IPHONEOS_DEPLOYMENT_TARGET = 17.4;
				MACOSX_DEPLOYMENT_TARGET = 14.4;
				MARKETING_VERSION = 1.0;
				PRODUCT_BUNDLE_IDENTIFIER = com.benpaodongli.myDemoTests;
				PRODUCT_NAME = "$(TARGET_NAME)";
				SDKROOT = auto;
				SUPPORTED_PLATFORMS = "iphoneos iphonesimulator macosx";
				SWIFT_EMIT_LOC_STRINGS = NO;
				SWIFT_VERSION = 5.0;
				TARGETED_DEVICE_FAMILY = "1,2";
				TEST_HOST = "$(BUILT_PRODUCTS_DIR)/myDemo.app/$(BUNDLE_EXECUTABLE_FOLDER_PATH)/myDemo";
			};
			name = Release;
		};
		F8BBC07B2BDBC36600FC4488 /* Debug */ = {
			isa = XCBuildConfiguration;
			buildSettings = {
				ALWAYS_EMBED_SWIFT_STANDARD_LIBRARIES = YES;
				CODE_SIGN_STYLE = Automatic;
				CURRENT_PROJECT_VERSION = 1;
				DEVELOPMENT_TEAM = S6P9PJ8WCX;
				GENERATE_INFOPLIST_FILE = YES;
				IPHONEOS_DEPLOYMENT_TARGET = 17.4;
				MACOSX_DEPLOYMENT_TARGET = 14.4;
				MARKETING_VERSION = 1.0;
				PRODUCT_BUNDLE_IDENTIFIER = com.benpaodongli.myDemoUITests;
				PRODUCT_NAME = "$(TARGET_NAME)";
				SDKROOT = auto;
				SUPPORTED_PLATFORMS = "iphoneos iphonesimulator macosx";
				SWIFT_EMIT_LOC_STRINGS = NO;
				SWIFT_VERSION = 5.0;
				TARGETED_DEVICE_FAMILY = "1,2";
				TEST_TARGET_NAME = myDemo;
			};
			name = Debug;
		};
		F8BBC07C2BDBC36600FC4488 /* Release */ = {
			isa = XCBuildConfiguration;
			buildSettings = {
				ALWAYS_EMBED_SWIFT_STANDARD_LIBRARIES = YES;
				CODE_SIGN_STYLE = Automatic;
				CURRENT_PROJECT_VERSION = 1;
				DEVELOPMENT_TEAM = S6P9PJ8WCX;
				GENERATE_INFOPLIST_FILE = YES;
				IPHONEOS_DEPLOYMENT_TARGET = 17.4;
				MACOSX_DEPLOYMENT_TARGET = 14.4;
				MARKETING_VERSION = 1.0;
				PRODUCT_BUNDLE_IDENTIFIER = com.benpaodongli.myDemoUITests;
				PRODUCT_NAME = "$(TARGET_NAME)";
				SDKROOT = auto;
				SUPPORTED_PLATFORMS = "iphoneos iphonesimulator macosx";
				SWIFT_EMIT_LOC_STRINGS = NO;
				SWIFT_VERSION = 5.0;
				TARGETED_DEVICE_FAMILY = "1,2";
				TEST_TARGET_NAME = myDemo;
			};
			name = Release;
		};
/* End XCBuildConfiguration section */

/* Begin XCConfigurationList section */
		F8BBC04A2BDBC36500FC4488 /* Build configuration list for PBXProject "myDemo" */ = {
			isa = XCConfigurationList;
			buildConfigurations = (
				F8BBC0722BDBC36600FC4488 /* Debug */,
				F8BBC0732BDBC36600FC4488 /* Release */,
			);
			defaultConfigurationIsVisible = 0;
			defaultConfigurationName = Release;
		};
		F8BBC0742BDBC36600FC4488 /* Build configuration list for PBXNativeTarget "myDemo" */ = {
			isa = XCConfigurationList;
			buildConfigurations = (
				F8BBC0752BDBC36600FC4488 /* Debug */,
				F8BBC0762BDBC36600FC4488 /* Release */,
			);
			defaultConfigurationIsVisible = 0;
			defaultConfigurationName = Release;
		};
		F8BBC0772BDBC36600FC4488 /* Build configuration list for PBXNativeTarget "myDemoTests" */ = {
			isa = XCConfigurationList;
			buildConfigurations = (
				F8BBC0782BDBC36600FC4488 /* Debug */,
				F8BBC0792BDBC36600FC4488 /* Release */,
			);
			defaultConfigurationIsVisible = 0;
			defaultConfigurationName = Release;
		};
		F8BBC07A2BDBC36600FC4488 /* Build configuration list for PBXNativeTarget "myDemoUITests" */ = {
			isa = XCConfigurationList;
			buildConfigurations = (
				F8BBC07B2BDBC36600FC4488 /* Debug */,
				F8BBC07C2BDBC36600FC4488 /* Release */,
			);
			defaultConfigurationIsVisible = 0;
			defaultConfigurationName = Release;
		};
/* End XCConfigurationList section */
	};
	rootObject = F8BBC0472BDBC36500FC4488 /* Project object */;
}
